
Microsoft Visual Studio Solution File, Format Version 12.00
# Visual Studio Version 16
VisualStudioVersion = 16.0.31129.286
MinimumVisualStudioVersion = 10.0.40219.1
Project("{9A19103F-16F7-4668-BE54-9A1E7A4F7556}") = "Candidate_BlazorWASM.Server", "Candidate_BlazorWASM\Server\Candidate_BlazorWASM.Server.csproj", "{F54E2EF1-FF0E-4EB4-99D6-46442CA104CD}"
EndProject
Project("{9A19103F-16F7-4668-BE54-9A1E7A4F7556}") = "Candidate_BlazorWASM.Client", "Candidate_BlazorWASM\Client\Candidate_BlazorWASM.Client.csproj", "{82BDF701-73D4-4AF1-AEFB-7DC44E9F934A}"
EndProject
Project("{9A19103F-16F7-4668-BE54-9A1E7A4F7556}") = "Candidate_BlazorWASM.Shared", "Candidate_BlazorWASM\Shared\Candidate_BlazorWASM.Shared.csproj", "{17C55136-C6E7-47B9-B0DC-3E535D1FF25D}"
EndProject
Global
	GlobalSection(SolutionConfigurationPlatforms) = preSolution
		Debug|Any CPU = Debug|Any CPU
		Release|Any CPU = Release|Any CPU
	EndGlobalSection
	GlobalSection(ProjectConfigurationPlatforms) = postSolution
		{F54E2EF1-FF0E-4EB4-99D6-46442CA104CD}.Debug|Any CPU.ActiveCfg = Debug|Any CPU
		{F54E2EF1-FF0E-4EB4-99D6-46442CA104CD}.Debug|Any CPU.Build.0 = Debug|Any CPU
		{F54E2EF1-FF0E-4EB4-99D6-46442CA104CD}.Release|Any CPU.ActiveCfg = Release|Any CPU
		{F54E2EF1-FF0E-4EB4-99D6-46442CA104CD}.Release|Any CPU.Build.0 = Release|Any CPU
		{82BDF701-73D4-4AF1-AEFB-7DC44E9F934A}.Debug|Any CPU.ActiveCfg = Debug|Any CPU
		{82BDF701-73D4-4AF1-AEFB-7DC44E9F934A}.Debug|Any CPU.Build.0 = Debug|Any CPU
		{82BDF701-73D4-4AF1-AEFB-7DC44E9F934A}.Release|Any CPU.ActiveCfg = Release|Any CPU
		{82BDF701-73D4-4AF1-AEFB-7DC44E9F934A}.Release|Any CPU.Build.0 = Release|Any CPU
		{17C55136-C6E7-47B9-B0DC-3E535D1FF25D}.Debug|Any CPU.ActiveCfg = Debug|Any CPU
		{17C55136-C6E7-47B9-B0DC-3E535D1FF25D}.Debug|Any CPU.Build.0 = Debug|Any CPU
		{17C55136-C6E7-47B9-B0DC-3E535D1FF25D}.Release|Any CPU.ActiveCfg = Release|Any CPU
		{17C55136-C6E7-47B9-B0DC-3E535D1FF25D}.Release|Any CPU.Build.0 = Release|Any CPU
	EndGlobalSection
	GlobalSection(SolutionProperties) = preSolution
		HideSolutionNode = FALSE
	EndGlobalSection
	GlobalSection(ExtensibilityGlobals) = postSolution
		SolutionGuid = {04CA7326-A980-4E36-AAB0-6A5377E9C2A5}
	EndGlobalSection
EndGlobal
